
Microsoft Visual Studio Solution File, Format Version 12.00
# Visual Studio 15
VisualStudioVersion = 15.0.27130.2027
MinimumVisualStudioVersion = 10.0.40219.1
Project("{9A19103F-16F7-4668-BE54-9A1E7A4F7556}") = "AppSlider.Application", "AppSlider.Application\AppSlider.Application.csproj", "{2D25413F-FCA2-45AC-B223-0CB7E4E8039A}"
EndProject
Project("{9A19103F-16F7-4668-BE54-9A1E7A4F7556}") = "AppSlider.Domain", "AppSlider.Domain\AppSlider.Domain.csproj", "{36FC59B3-5EC4-4D8F-99B7-279DD04470BA}"
EndProject
Project("{9A19103F-16F7-4668-BE54-9A1E7A4F7556}") = "AppSlider.Infrastructure", "AppSlider.Infrastructure\AppSlider.Infrastructure.csproj", "{E3F3AA5E-552C-4F60-BE3D-6497989CBB79}"
EndProject
Project("{9A19103F-16F7-4668-BE54-9A1E7A4F7556}") = "AppSlider.WebApi", "AppSlider.WebApi\AppSlider.WebApi.csproj", "{9EF3CE81-FF0A-405E-9865-5BB043E2DEBC}"
EndProject
Project("{FAE04EC0-301F-11D3-BF4B-00C04F79EFBC}") = "AppSlider.Utils", "AppSlider.Utils\AppSlider.Utils.csproj", "{FCFB24B9-13A6-42C7-858A-088C09F068DD}"
EndProject
Global
	GlobalSection(SolutionConfigurationPlatforms) = preSolution
		Debug|Any CPU = Debug|Any CPU
		Debug|x64 = Debug|x64
		Debug|x86 = Debug|x86
		Release|Any CPU = Release|Any CPU
		Release|x64 = Release|x64
		Release|x86 = Release|x86
	EndGlobalSection
	GlobalSection(ProjectConfigurationPlatforms) = postSolution
		{2D25413F-FCA2-45AC-B223-0CB7E4E8039A}.Debug|Any CPU.ActiveCfg = Debug|Any CPU
		{2D25413F-FCA2-45AC-B223-0CB7E4E8039A}.Debug|Any CPU.Build.0 = Debug|Any CPU
		{2D25413F-FCA2-45AC-B223-0CB7E4E8039A}.Debug|x64.ActiveCfg = Debug|Any CPU
		{2D25413F-FCA2-45AC-B223-0CB7E4E8039A}.Debug|x64.Build.0 = Debug|Any CPU
		{2D25413F-FCA2-45AC-B223-0CB7E4E8039A}.Debug|x86.ActiveCfg = Debug|Any CPU
		{2D25413F-FCA2-45AC-B223-0CB7E4E8039A}.Debug|x86.Build.0 = Debug|Any CPU
		{2D25413F-FCA2-45AC-B223-0CB7E4E8039A}.Release|Any CPU.ActiveCfg = Release|Any CPU
		{2D25413F-FCA2-45AC-B223-0CB7E4E8039A}.Release|Any CPU.Build.0 = Release|Any CPU
		{2D25413F-FCA2-45AC-B223-0CB7E4E8039A}.Release|x64.ActiveCfg = Release|Any CPU
		{2D25413F-FCA2-45AC-B223-0CB7E4E8039A}.Release|x64.Build.0 = Release|Any CPU
		{2D25413F-FCA2-45AC-B223-0CB7E4E8039A}.Release|x86.ActiveCfg = Release|Any CPU
		{2D25413F-FCA2-45AC-B223-0CB7E4E8039A}.Release|x86.Build.0 = Release|Any CPU
		{36FC59B3-5EC4-4D8F-99B7-279DD04470BA}.Debug|Any CPU.ActiveCfg = Debug|Any CPU
		{36FC59B3-5EC4-4D8F-99B7-279DD04470BA}.Debug|Any CPU.Build.0 = Debug|Any CPU
		{36FC59B3-5EC4-4D8F-99B7-279DD04470BA}.Debug|x64.ActiveCfg = Debug|Any CPU
		{36FC59B3-5EC4-4D8F-99B7-279DD04470BA}.Debug|x64.Build.0 = Debug|Any CPU
		{36FC59B3-5EC4-4D8F-99B7-279DD04470BA}.Debug|x86.ActiveCfg = Debug|Any CPU
		{36FC59B3-5EC4-4D8F-99B7-279DD04470BA}.Debug|x86.Build.0 = Debug|Any CPU
		{36FC59B3-5EC4-4D8F-99B7-279DD04470BA}.Release|Any CPU.ActiveCfg = Release|Any CPU
		{36FC59B3-5EC4-4D8F-99B7-279DD04470BA}.Release|Any CPU.Build.0 = Release|Any CPU
		{36FC59B3-5EC4-4D8F-99B7-279DD04470BA}.Release|x64.ActiveCfg = Release|Any CPU
		{36FC59B3-5EC4-4D8F-99B7-279DD04470BA}.Release|x64.Build.0 = Release|Any CPU
		{36FC59B3-5EC4-4D8F-99B7-279DD04470BA}.Release|x86.ActiveCfg = Release|Any CPU
		{36FC59B3-5EC4-4D8F-99B7-279DD04470BA}.Release|x86.Build.0 = Release|Any CPU
		{E3F3AA5E-552C-4F60-BE3D-6497989CBB79}.Debug|Any CPU.ActiveCfg = Debug|Any CPU
		{E3F3AA5E-552C-4F60-BE3D-6497989CBB79}.Debug|Any CPU.Build.0 = Debug|Any CPU
		{E3F3AA5E-552C-4F60-BE3D-6497989CBB79}.Debug|x64.ActiveCfg = Debug|Any CPU
		{E3F3AA5E-552C-4F60-BE3D-6497989CBB79}.Debug|x64.Build.0 = Debug|Any CPU
		{E3F3AA5E-552C-4F60-BE3D-6497989CBB79}.Debug|x86.ActiveCfg = Debug|Any CPU
		{E3F3AA5E-552C-4F60-BE3D-6497989CBB79}.Debug|x86.Build.0 = Debug|Any CPU
		{E3F3AA5E-552C-4F60-BE3D-6497989CBB79}.Release|Any CPU.ActiveCfg = Release|Any CPU
		{E3F3AA5E-552C-4F60-BE3D-6497989CBB79}.Release|Any CPU.Build.0 = Release|Any CPU
		{E3F3AA5E-552C-4F60-BE3D-6497989CBB79}.Release|x64.ActiveCfg = Release|Any CPU
		{E3F3AA5E-552C-4F60-BE3D-6497989CBB79}.Release|x64.Build.0 = Release|Any CPU
		{E3F3AA5E-552C-4F60-BE3D-6497989CBB79}.Release|x86.ActiveCfg = Release|Any CPU
		{E3F3AA5E-552C-4F60-BE3D-6497989CBB79}.Release|x86.Build.0 = Release|Any CPU
		{9EF3CE81-FF0A-405E-9865-5BB043E2DEBC}.Debug|Any CPU.ActiveCfg = Debug|Any CPU
		{9EF3CE81-FF0A-405E-9865-5BB043E2DEBC}.Debug|Any CPU.Build.0 = Debug|Any CPU
		{9EF3CE81-FF0A-405E-9865-5BB043E2DEBC}.Debug|x64.ActiveCfg = Debug|Any CPU
		{9EF3CE81-FF0A-405E-9865-5BB043E2DEBC}.Debug|x64.Build.0 = Debug|Any CPU
		{9EF3CE81-FF0A-405E-9865-5BB043E2DEBC}.Debug|x86.ActiveCfg = Debug|Any CPU
		{9EF3CE81-FF0A-405E-9865-5BB043E2DEBC}.Debug|x86.Build.0 = Debug|Any CPU
		{9EF3CE81-FF0A-405E-9865-5BB043E2DEBC}.Release|Any CPU.ActiveCfg = Release|Any CPU
		{9EF3CE81-FF0A-405E-9865-5BB043E2DEBC}.Release|Any CPU.Build.0 = Release|Any CPU
		{9EF3CE81-FF0A-405E-9865-5BB043E2DEBC}.Release|x64.ActiveCfg = Release|Any CPU
		{9EF3CE81-FF0A-405E-9865-5BB043E2DEBC}.Release|x64.Build.0 = Release|Any CPU
		{9EF3CE81-FF0A-405E-9865-5BB043E2DEBC}.Release|x86.ActiveCfg = Release|Any CPU
		{9EF3CE81-FF0A-405E-9865-5BB043E2DEBC}.Release|x86.Build.0 = Release|Any CPU
		{FCFB24B9-13A6-42C7-858A-088C09F068DD}.Debug|Any CPU.ActiveCfg = Debug|Any CPU
		{FCFB24B9-13A6-42C7-858A-088C09F068DD}.Debug|Any CPU.Build.0 = Debug|Any CPU
		{FCFB24B9-13A6-42C7-858A-088C09F068DD}.Debug|x64.ActiveCfg = Debug|Any CPU
		{FCFB24B9-13A6-42C7-858A-088C09F068DD}.Debug|x64.Build.0 = Debug|Any CPU
		{FCFB24B9-13A6-42C7-858A-088C09F068DD}.Debug|x86.ActiveCfg = Debug|Any CPU
		{FCFB24B9-13A6-42C7-858A-088C09F068DD}.Debug|x86.Build.0 = Debug|Any CPU
		{FCFB24B9-13A6-42C7-858A-088C09F068DD}.Release|Any CPU.ActiveCfg = Release|Any CPU
		{FCFB24B9-13A6-42C7-858A-088C09F068DD}.Release|Any CPU.Build.0 = Release|Any CPU
		{FCFB24B9-13A6-42C7-858A-088C09F068DD}.Release|x64.ActiveCfg = Release|Any CPU
		{FCFB24B9-13A6-42C7-858A-088C09F068DD}.Release|x64.Build.0 = Release|Any CPU
		{FCFB24B9-13A6-42C7-858A-088C09F068DD}.Release|x86.ActiveCfg = Release|Any CPU
		{FCFB24B9-13A6-42C7-858A-088C09F068DD}.Release|x86.Build.0 = Release|Any CPU
	EndGlobalSection
	GlobalSection(SolutionProperties) = preSolution
		HideSolutionNode = FALSE
	EndGlobalSection
	GlobalSection(ExtensibilityGlobals) = postSolution
		SolutionGuid = {0994A11A-29D3-49D4-933C-793CD91A411C}
	EndGlobalSection
EndGlobal
